
Microsoft Visual Studio Solution File, Format Version 12.00
# Visual Studio Version 17
VisualStudioVersion = 17.2.32616.157
MinimumVisualStudioVersion = 10.0.40219.1
Project("{FAE04EC0-301F-11D3-BF4B-00C04F79EFBC}") = "RestaurantAPI2", "RestaurantAPI2\RestaurantAPI2.csproj", "{2CF5B807-7126-4BE8-BABC-531526183F59}"
EndProject
Project("{FAE04EC0-301F-11D3-BF4B-00C04F79EFBC}") = "Core", "Core\Core.csproj", "{F302DDE2-C54B-426C-B9AD-E1B262A0CB8E}"
EndProject
Project("{FAE04EC0-301F-11D3-BF4B-00C04F79EFBC}") = "Infrastructure", "Infrastructure\Infrastructure.csproj", "{C15F3947-9950-4A4C-B00B-89103EFCA797}"
EndProject
Global
	GlobalSection(SolutionConfigurationPlatforms) = preSolution
		Debug|Any CPU = Debug|Any CPU
		Release|Any CPU = Release|Any CPU
	EndGlobalSection
	GlobalSection(ProjectConfigurationPlatforms) = postSolution
		{2CF5B807-7126-4BE8-BABC-531526183F59}.Debug|Any CPU.ActiveCfg = Debug|Any CPU
		{2CF5B807-7126-4BE8-BABC-531526183F59}.Debug|Any CPU.Build.0 = Debug|Any CPU
		{2CF5B807-7126-4BE8-BABC-531526183F59}.Release|Any CPU.ActiveCfg = Release|Any CPU
		{2CF5B807-7126-4BE8-BABC-531526183F59}.Release|Any CPU.Build.0 = Release|Any CPU
		{F302DDE2-C54B-426C-B9AD-E1B262A0CB8E}.Debug|Any CPU.ActiveCfg = Debug|Any CPU
		{F302DDE2-C54B-426C-B9AD-E1B262A0CB8E}.Debug|Any CPU.Build.0 = Debug|Any CPU
		{F302DDE2-C54B-426C-B9AD-E1B262A0CB8E}.Release|Any CPU.ActiveCfg = Release|Any CPU
		{F302DDE2-C54B-426C-B9AD-E1B262A0CB8E}.Release|Any CPU.Build.0 = Release|Any CPU
		{C15F3947-9950-4A4C-B00B-89103EFCA797}.Debug|Any CPU.ActiveCfg = Debug|Any CPU
		{C15F3947-9950-4A4C-B00B-89103EFCA797}.Debug|Any CPU.Build.0 = Debug|Any CPU
		{C15F3947-9950-4A4C-B00B-89103EFCA797}.Release|Any CPU.ActiveCfg = Release|Any CPU
		{C15F3947-9950-4A4C-B00B-89103EFCA797}.Release|Any CPU.Build.0 = Release|Any CPU
	EndGlobalSection
	GlobalSection(SolutionProperties) = preSolution
		HideSolutionNode = FALSE
	EndGlobalSection
	GlobalSection(ExtensibilityGlobals) = postSolution
		SolutionGuid = {33D8CD7B-9C2D-4F86-8450-A0318EA9F007}
	EndGlobalSection
EndGlobal
